// !$*UTF8*$!
{
	archiveVersion = 1;
	classes = {
	};
	objectVersion = 56;
	objects = {

/* Begin PBXBuildFile section */
		A00100000000000000000001 /* AppShellView.swift in Sources */ = {isa = PBXBuildFile; fileRef = B00100000000000000000001 /* AppShellView.swift */; };
		A00100000000000000000002 /* AppTheme.swift in Sources */ = {isa = PBXBuildFile; fileRef = B00100000000000000000002 /* AppTheme.swift */; };
		A00100000000000000000003 /* VoltRushAIApp.swift in Sources */ = {isa = PBXBuildFile; fileRef = B00100000000000000000003 /* VoltRushAIApp.swift */; };
		A00100000000000000000004 /* DomainModels.swift in Sources */ = {isa = PBXBuildFile; fileRef = B00100000000000000000004 /* DomainModels.swift */; };
		A00100000000000000000005 /* AIMentorService.swift in Sources */ = {isa = PBXBuildFile; fileRef = B00100000000000000000005 /* AIMentorService.swift */; };
		A00100000000000000000006 /* MockDataService.swift in Sources */ = {isa = PBXBuildFile; fileRef = B00100000000000000000006 /* MockDataService.swift */; };
		A00100000000000000000007 /* StoreService.swift in Sources */ = {isa = PBXBuildFile; fileRef = B00100000000000000000007 /* StoreService.swift */; };
		A00100000000000000000008 /* AppViewModel.swift in Sources */ = {isa = PBXBuildFile; fileRef = B00100000000000000000008 /* AppViewModel.swift */; };
		A00100000000000000000009 /* FeatureViewModels.swift in Sources */ = {isa = PBXBuildFile; fileRef = B00100000000000000000009 /* FeatureViewModels.swift */; };
		A00100000000000000000010 /* BusinessModeView.swift in Sources */ = {isa = PBXBuildFile; fileRef = B00100000000000000000010 /* BusinessModeView.swift */; };
		A00100000000000000000011 /* CareerModeView.swift in Sources */ = {isa = PBXBuildFile; fileRef = B00100000000000000000011 /* CareerModeView.swift */; };
		A00100000000000000000012 /* Components.swift in Sources */ = {isa = PBXBuildFile; fileRef = B00100000000000000000012 /* Components.swift */; };
		A00100000000000000000013 /* FaultDiagnosisView.swift in Sources */ = {isa = PBXBuildFile; fileRef = B00100000000000000000013 /* FaultDiagnosisView.swift */; };
		A00100000000000000000014 /* DashboardView.swift in Sources */ = {isa = PBXBuildFile; fileRef = B00100000000000000000014 /* DashboardView.swift */; };
		A00100000000000000000015 /* AIMentorView.swift in Sources */ = {isa = PBXBuildFile; fileRef = B00100000000000000000015 /* AIMentorView.swift */; };
		A00100000000000000000016 /* OnboardingView.swift in Sources */ = {isa = PBXBuildFile; fileRef = B00100000000000000000016 /* OnboardingView.swift */; };
		A00100000000000000000017 /* QuizArenaView.swift in Sources */ = {isa = PBXBuildFile; fileRef = B00100000000000000000017 /* QuizArenaView.swift */; };
		A00100000000000000000018 /* PremiumShopView.swift in Sources */ = {isa = PBXBuildFile; fileRef = B00100000000000000000018 /* PremiumShopView.swift */; };
		A00100000000000000000019 /* WiringLabView.swift in Sources */ = {isa = PBXBuildFile; fileRef = B00100000000000000000019 /* WiringLabView.swift */; };
		A00200000000000000000001 /* Assets.xcassets in Resources */ = {isa = PBXBuildFile; fileRef = B00200000000000000000001 /* Assets.xcassets */; };
		A00200000000000000000002 /* PrivacyInfo.xcprivacy in Resources */ = {isa = PBXBuildFile; fileRef = B00200000000000000000002 /* PrivacyInfo.xcprivacy */; };
		A00200000000000000000003 /* StoreProducts.json in Resources */ = {isa = PBXBuildFile; fileRef = B00200000000000000000003 /* StoreProducts.json */; };
/* End PBXBuildFile section */

/* Begin PBXFileReference section */
		B00000000000000000000001 /* VoltRushAI.app */ = {isa = PBXFileReference; explicitFileType = wrapper.application; includeInIndex = 0; path = VoltRushAI.app; sourceTree = BUILT_PRODUCTS_DIR; };
		B00100000000000000000001 /* AppShellView.swift */ = {isa = PBXFileReference; lastKnownFileType = sourcecode.swift; path = App/AppShellView.swift; sourceTree = "<group>"; };
		B00100000000000000000002 /* AppTheme.swift */ = {isa = PBXFileReference; lastKnownFileType = sourcecode.swift; path = App/AppTheme.swift; sourceTree = "<group>"; };
		B00100000000000000000003 /* VoltRushAIApp.swift */ = {isa = PBXFileReference; lastKnownFileType = sourcecode.swift; path = App/VoltRushAIApp.swift; sourceTree = "<group>"; };
		B00100000000000000000004 /* DomainModels.swift */ = {isa = PBXFileReference; lastKnownFileType = sourcecode.swift; path = Models/DomainModels.swift; sourceTree = "<group>"; };
		B00100000000000000000005 /* AIMentorService.swift */ = {isa = PBXFileReference; lastKnownFileType = sourcecode.swift; path = Services/AIMentorService.swift; sourceTree = "<group>"; };
		B00100000000000000000006 /* MockDataService.swift */ = {isa = PBXFileReference; lastKnownFileType = sourcecode.swift; path = Services/MockDataService.swift; sourceTree = "<group>"; };
		B00100000000000000000007 /* StoreService.swift */ = {isa = PBXFileReference; lastKnownFileType = sourcecode.swift; path = Services/StoreService.swift; sourceTree = "<group>"; };
		B00100000000000000000008 /* AppViewModel.swift */ = {isa = PBXFileReference; lastKnownFileType = sourcecode.swift; path = ViewModels/AppViewModel.swift; sourceTree = "<group>"; };
		B00100000000000000000009 /* FeatureViewModels.swift */ = {isa = PBXFileReference; lastKnownFileType = sourcecode.swift; path = ViewModels/FeatureViewModels.swift; sourceTree = "<group>"; };
		B00100000000000000000010 /* BusinessModeView.swift */ = {isa = PBXFileReference; lastKnownFileType = sourcecode.swift; path = Views/Business/BusinessModeView.swift; sourceTree = "<group>"; };
		B00100000000000000000011 /* CareerModeView.swift */ = {isa = PBXFileReference; lastKnownFileType = sourcecode.swift; path = Views/Career/CareerModeView.swift; sourceTree = "<group>"; };
		B00100000000000000000012 /* Components.swift */ = {isa = PBXFileReference; lastKnownFileType = sourcecode.swift; path = Views/Components/Components.swift; sourceTree = "<group>"; };
		B00100000000000000000013 /* FaultDiagnosisView.swift */ = {isa = PBXFileReference; lastKnownFileType = sourcecode.swift; path = Views/Fault/FaultDiagnosisView.swift; sourceTree = "<group>"; };
		B00100000000000000000014 /* DashboardView.swift */ = {isa = PBXFileReference; lastKnownFileType = sourcecode.swift; path = Views/Home/DashboardView.swift; sourceTree = "<group>"; };
		B00100000000000000000015 /* AIMentorView.swift */ = {isa = PBXFileReference; lastKnownFileType = sourcecode.swift; path = Views/Mentor/AIMentorView.swift; sourceTree = "<group>"; };
		B00100000000000000000016 /* OnboardingView.swift */ = {isa = PBXFileReference; lastKnownFileType = sourcecode.swift; path = Views/Onboarding/OnboardingView.swift; sourceTree = "<group>"; };
		B00100000000000000000017 /* QuizArenaView.swift */ = {isa = PBXFileReference; lastKnownFileType = sourcecode.swift; path = Views/Quiz/QuizArenaView.swift; sourceTree = "<group>"; };
		B00100000000000000000018 /* PremiumShopView.swift */ = {isa = PBXFileReference; lastKnownFileType = sourcecode.swift; path = Views/Shop/PremiumShopView.swift; sourceTree = "<group>"; };
		B00100000000000000000019 /* WiringLabView.swift */ = {isa = PBXFileReference; lastKnownFileType = sourcecode.swift; path = Views/Wiring/WiringLabView.swift; sourceTree = "<group>"; };
		B00200000000000000000001 /* Assets.xcassets */ = {isa = PBXFileReference; lastKnownFileType = folder.assetcatalog; path = Resources/Assets.xcassets; sourceTree = "<group>"; };
		B00200000000000000000002 /* PrivacyInfo.xcprivacy */ = {isa = PBXFileReference; lastKnownFileType = text.xml; path = PrivacyInfo.xcprivacy; sourceTree = "<group>"; };
		B00200000000000000000003 /* StoreProducts.json */ = {isa = PBXFileReference; lastKnownFileType = text.json; path = Resources/StoreProducts.json; sourceTree = "<group>"; };
		B00200000000000000000004 /* Info.plist */ = {isa = PBXFileReference; lastKnownFileType = text.plist.xml; path = Info.plist; sourceTree = "<group>"; };
		B00300000000000000000001 /* README.md */ = {isa = PBXFileReference; lastKnownFileType = net.daringfireball.markdown; path = README.md; sourceTree = "<group>"; };
		B00300000000000000000002 /* AppStoreListing.md */ = {isa = PBXFileReference; lastKnownFileType = net.daringfireball.markdown; path = AppStoreListing.md; sourceTree = "<group>"; };
/* End PBXFileReference section */

/* Begin PBXFrameworksBuildPhase section */
		D00100000000000000000002 /* Frameworks */ = {
			isa = PBXFrameworksBuildPhase;
			buildActionMask = 2147483647;
			files = (
			);
			runOnlyForDeploymentPostprocessing = 0;
		};
/* End PBXFrameworksBuildPhase section */

/* Begin PBXGroup section */
		C00000000000000000000000 = {
			isa = PBXGroup;
			children = (
				C00100000000000000000000 /* VoltRushAI */,
				C00200000000000000000000 /* Products */,
				B00300000000000000000001 /* README.md */,
				B00300000000000000000002 /* AppStoreListing.md */,
			);
			sourceTree = "<group>";
		};
		C00100000000000000000000 /* VoltRushAI */ = {
			isa = PBXGroup;
			children = (
				C01000000000000000000000 /* App */,
				C01100000000000000000000 /* Models */,
				C01200000000000000000000 /* Services */,
				C01300000000000000000000 /* ViewModels */,
				C01400000000000000000000 /* Views */,
				C01500000000000000000000 /* Resources */,
				B00200000000000000000004 /* Info.plist */,
				B00200000000000000000002 /* PrivacyInfo.xcprivacy */,
			);
			path = VoltRushAI;
			sourceTree = "<group>";
		};
		C00200000000000000000000 /* Products */ = {
			isa = PBXGroup;
			children = (
				B00000000000000000000001 /* VoltRushAI.app */,
			);
			name = Products;
			sourceTree = "<group>";
		};
		C01000000000000000000000 /* App */ = {
			isa = PBXGroup;
			children = (
				B00100000000000000000003 /* VoltRushAIApp.swift */,
				B00100000000000000000001 /* AppShellView.swift */,
				B00100000000000000000002 /* AppTheme.swift */,
			);
			name = App;
			sourceTree = "<group>";
		};
		C01100000000000000000000 /* Models */ = {
			isa = PBXGroup;
			children = (
				B00100000000000000000004 /* DomainModels.swift */,
			);
			name = Models;
			sourceTree = "<group>";
		};
		C01200000000000000000000 /* Services */ = {
			isa = PBXGroup;
			children = (
				B00100000000000000000005 /* AIMentorService.swift */,
				B00100000000000000000006 /* MockDataService.swift */,
				B00100000000000000000007 /* StoreService.swift */,
			);
			name = Services;
			sourceTree = "<group>";
		};
		C01300000000000000000000 /* ViewModels */ = {
			isa = PBXGroup;
			children = (
				B00100000000000000000008 /* AppViewModel.swift */,
				B00100000000000000000009 /* FeatureViewModels.swift */,
			);
			name = ViewModels;
			sourceTree = "<group>";
		};
		C01400000000000000000000 /* Views */ = {
			isa = PBXGroup;
			children = (
				B00100000000000000000010 /* BusinessModeView.swift */,
				B00100000000000000000011 /* CareerModeView.swift */,
				B00100000000000000000012 /* Components.swift */,
				B00100000000000000000013 /* FaultDiagnosisView.swift */,
				B00100000000000000000014 /* DashboardView.swift */,
				B00100000000000000000015 /* AIMentorView.swift */,
				B00100000000000000000016 /* OnboardingView.swift */,
				B00100000000000000000017 /* QuizArenaView.swift */,
				B00100000000000000000018 /* PremiumShopView.swift */,
				B00100000000000000000019 /* WiringLabView.swift */,
			);
			name = Views;
			sourceTree = "<group>";
		};
		C01500000000000000000000 /* Resources */ = {
			isa = PBXGroup;
			children = (
				B00200000000000000000001 /* Assets.xcassets */,
				B00200000000000000000003 /* StoreProducts.json */,
			);
			name = Resources;
			sourceTree = "<group>";
		};
/* End PBXGroup section */

/* Begin PBXNativeTarget section */
		D00100000000000000000000 /* VoltRushAI */ = {
			isa = PBXNativeTarget;
			buildConfigurationList = E00200000000000000000000 /* Build configuration list for PBXNativeTarget "VoltRushAI" */;
			buildPhases = (
				D00100000000000000000001 /* Sources */,
				D00100000000000000000002 /* Frameworks */,
				D00100000000000000000003 /* Resources */,
			);
			buildRules = (
			);
			dependencies = (
			);
			name = VoltRushAI;
			productName = VoltRushAI;
			productReference = B00000000000000000000001 /* VoltRushAI.app */;
			productType = "com.apple.product-type.application";
		};
/* End PBXNativeTarget section */

/* Begin PBXProject section */
		E00000000000000000000000 /* Project object */ = {
			isa = PBXProject;
			attributes = {
				BuildIndependentTargetsInParallel = 1;
				LastSwiftUpdateCheck = 1600;
				LastUpgradeCheck = 1600;
				TargetAttributes = {
					D00100000000000000000000 = {
						CreatedOnToolsVersion = 16.0;
					};
				};
			};
			buildConfigurationList = E00100000000000000000000 /* Build configuration list for PBXProject "VoltRushAI" */;
			compatibilityVersion = "Xcode 14.0";
			developmentRegion = en;
			hasScannedForEncodings = 0;
			knownRegions = (
				en,
				Base,
			);
			mainGroup = C00000000000000000000000;
			productRefGroup = C00200000000000000000000 /* Products */;
			projectDirPath = "";
			projectRoot = "";
			targets = (
				D00100000000000000000000 /* VoltRushAI */,
			);
		};
/* End PBXProject section */

/* Begin PBXResourcesBuildPhase section */
		D00100000000000000000003 /* Resources */ = {
			isa = PBXResourcesBuildPhase;
			buildActionMask = 2147483647;
			files = (
				A00200000000000000000001 /* Assets.xcassets in Resources */,
				A00200000000000000000002 /* PrivacyInfo.xcprivacy in Resources */,
				A00200000000000000000003 /* StoreProducts.json in Resources */,
			);
			runOnlyForDeploymentPostprocessing = 0;
		};
/* End PBXResourcesBuildPhase section */

/* Begin PBXSourcesBuildPhase section */
		D00100000000000000000001 /* Sources */ = {
			isa = PBXSourcesBuildPhase;
			buildActionMask = 2147483647;
			files = (
				A00100000000000000000003 /* VoltRushAIApp.swift in Sources */,
				A00100000000000000000001 /* AppShellView.swift in Sources */,
				A00100000000000000000002 /* AppTheme.swift in Sources */,
				A00100000000000000000004 /* DomainModels.swift in Sources */,
				A00100000000000000000005 /* AIMentorService.swift in Sources */,
				A00100000000000000000006 /* MockDataService.swift in Sources */,
				A00100000000000000000007 /* StoreService.swift in Sources */,
				A00100000000000000000008 /* AppViewModel.swift in Sources */,
				A00100000000000000000009 /* FeatureViewModels.swift in Sources */,
				A00100000000000000000012 /* Components.swift in Sources */,
				A00100000000000000000016 /* OnboardingView.swift in Sources */,
				A00100000000000000000014 /* DashboardView.swift in Sources */,
				A00100000000000000000011 /* CareerModeView.swift in Sources */,
				A00100000000000000000013 /* FaultDiagnosisView.swift in Sources */,
				A00100000000000000000019 /* WiringLabView.swift in Sources */,
				A00100000000000000000017 /* QuizArenaView.swift in Sources */,
				A00100000000000000000015 /* AIMentorView.swift in Sources */,
				A00100000000000000000018 /* PremiumShopView.swift in Sources */,
				A00100000000000000000010 /* BusinessModeView.swift in Sources */,
			);
			runOnlyForDeploymentPostprocessing = 0;
		};
/* End PBXSourcesBuildPhase section */

/* Begin XCBuildConfiguration section */
		E00100000000000000000001 /* Debug */ = {
			isa = XCBuildConfiguration;
			buildSettings = {
				ALWAYS_SEARCH_USER_PATHS = NO;
				CLANG_ANALYZER_NONNULL = YES;
				CLANG_ANALYZER_NUMBER_OBJECT_CONVERSION = YES_AGGRESSIVE;
				CLANG_CXX_LANGUAGE_STANDARD = "gnu++20";
				CLANG_ENABLE_MODULES = YES;
				CLANG_ENABLE_OBJC_ARC = YES;
				CLANG_ENABLE_OBJC_WEAK = YES;
				CLANG_WARN_BLOCK_CAPTURE_AUTORELEASING = YES;
				CLANG_WARN_BOOL_CONVERSION = YES;
				CLANG_WARN_COMMA = YES;
				CLANG_WARN_CONSTANT_CONVERSION = YES;
				CLANG_WARN_DEPRECATED_OBJC_IMPLEMENTATIONS = YES;
				CLANG_WARN_DIRECT_OBJC_ISA_USAGE = YES_ERROR;
				CLANG_WARN_DOCUMENTATION_COMMENTS = YES;
				CLANG_WARN_EMPTY_BODY = YES;
				CLANG_WARN_ENUM_CONVERSION = YES;
				CLANG_WARN_INFINITE_RECURSION = YES;
				CLANG_WARN_INT_CONVERSION = YES;
				CLANG_WARN_NON_LITERAL_NULL_CONVERSION = YES;
				CLANG_WARN_OBJC_IMPLICIT_RETAIN_SELF = YES;
				CLANG_WARN_OBJC_LITERAL_CONVERSION = YES;
				CLANG_WARN_OBJC_ROOT_CLASS = YES_ERROR;
				CLANG_WARN_QUOTED_INCLUDE_IN_FRAMEWORK_HEADER = YES;
				CLANG_WARN_RANGE_LOOP_ANALYSIS = YES;
				CLANG_WARN_STRICT_PROTOTYPES = YES;
				CLANG_WARN_SUSPICIOUS_MOVE = YES;
				CLANG_WARN_UNGUARDED_AVAILABILITY = YES_AGGRESSIVE;
				CLANG_WARN_UNREACHABLE_CODE = YES;
				CLANG_WARN__DUPLICATE_METHOD_MATCH = YES;
				COPY_PHASE_STRIP = NO;
				DEBUG_INFORMATION_FORMAT = dwarf;
				ENABLE_STRICT_OBJC_MSGSEND = YES;
				ENABLE_TESTABILITY = YES;
				ENABLE_USER_SCRIPT_SANDBOXING = YES;
				GCC_C_LANGUAGE_STANDARD = gnu17;
				GCC_DYNAMIC_NO_PIC = NO;
				GCC_NO_COMMON_BLOCKS = YES;
				GCC_OPTIMIZATION_LEVEL = 0;
				GCC_PREPROCESSOR_DEFINITIONS = (
					"DEBUG=1",
					"$(inherited)",
				);
				GCC_WARN_64_TO_32_BIT_CONVERSION = YES;
				GCC_WARN_ABOUT_RETURN_TYPE = YES_ERROR;
				GCC_WARN_UNDECLARED_SELECTOR = YES;
				GCC_WARN_UNINITIALIZED_AUTOS = YES_AGGRESSIVE;
				GCC_WARN_UNUSED_FUNCTION = YES;
				GCC_WARN_UNUSED_VARIABLE = YES;
				IPHONEOS_DEPLOYMENT_TARGET = 17.0;
				MTL_ENABLE_DEBUG_INFO = INCLUDE_SOURCE;
				MTL_FAST_MATH = YES;
				ONLY_ACTIVE_ARCH = YES;
				SDKROOT = iphoneos;
				SWIFT_ACTIVE_COMPILATION_CONDITIONS = DEBUG;
				SWIFT_OPTIMIZATION_LEVEL = "-Onone";
			};
			name = Debug;
		};
		E00100000000000000000002 /* Release */ = {
			isa = XCBuildConfiguration;
			buildSettings = {
				ALWAYS_SEARCH_USER_PATHS = NO;
				CLANG_ANALYZER_NONNULL = YES;
				CLANG_ANALYZER_NUMBER_OBJECT_CONVERSION = YES_AGGRESSIVE;
				CLANG_CXX_LANGUAGE_STANDARD = "gnu++20";
				CLANG_ENABLE_MODULES = YES;
				CLANG_ENABLE_OBJC_ARC = YES;
				CLANG_ENABLE_OBJC_WEAK = YES;
				CLANG_WARN_BLOCK_CAPTURE_AUTORELEASING = YES;
				CLANG_WARN_BOOL_CONVERSION = YES;
				CLANG_WARN_COMMA = YES;
				CLANG_WARN_CONSTANT_CONVERSION = YES;
				CLANG_WARN_DEPRECATED_OBJC_IMPLEMENTATIONS = YES;
				CLANG_WARN_DIRECT_OBJC_ISA_USAGE = YES_ERROR;
				CLANG_WARN_DOCUMENTATION_COMMENTS = YES;
				CLANG_WARN_EMPTY_BODY = YES;
				CLANG_WARN_ENUM_CONVERSION = YES;
				CLANG_WARN_INFINITE_RECURSION = YES;
				CLANG_WARN_INT_CONVERSION = YES;
				CLANG_WARN_NON_LITERAL_NULL_CONVERSION = YES;
				CLANG_WARN_OBJC_IMPLICIT_RETAIN_SELF = YES;
				CLANG_WARN_OBJC_LITERAL_CONVERSION = YES;
				CLANG_WARN_OBJC_ROOT_CLASS = YES_ERROR;
				CLANG_WARN_QUOTED_INCLUDE_IN_FRAMEWORK_HEADER = YES;
				CLANG_WARN_RANGE_LOOP_ANALYSIS = YES;
				CLANG_WARN_STRICT_PROTOTYPES = YES;
				CLANG_WARN_SUSPICIOUS_MOVE = YES;
				CLANG_WARN_UNGUARDED_AVAILABILITY = YES_AGGRESSIVE;
				CLANG_WARN_UNREACHABLE_CODE = YES;
				CLANG_WARN__DUPLICATE_METHOD_MATCH = YES;
				COPY_PHASE_STRIP = NO;
				DEBUG_INFORMATION_FORMAT = "dwarf-with-dsym";
				ENABLE_NS_ASSERTIONS = NO;
				ENABLE_STRICT_OBJC_MSGSEND = YES;
				ENABLE_USER_SCRIPT_SANDBOXING = YES;
				GCC_C_LANGUAGE_STANDARD = gnu17;
				GCC_NO_COMMON_BLOCKS = YES;
				GCC_WARN_64_TO_32_BIT_CONVERSION = YES;
				GCC_WARN_ABOUT_RETURN_TYPE = YES_ERROR;
				GCC_WARN_UNDECLARED_SELECTOR = YES;
				GCC_WARN_UNINITIALIZED_AUTOS = YES_AGGRESSIVE;
				GCC_WARN_UNUSED_FUNCTION = YES;
				GCC_WARN_UNUSED_VARIABLE = YES;
				IPHONEOS_DEPLOYMENT_TARGET = 17.0;
				MTL_ENABLE_DEBUG_INFO = NO;
				MTL_FAST_MATH = YES;
				SDKROOT = iphoneos;
				SWIFT_COMPILATION_MODE = wholemodule;
				SWIFT_OPTIMIZATION_LEVEL = "-O";
				VALIDATE_PRODUCT = YES;
			};
			name = Release;
		};
		E00200000000000000000001 /* Debug */ = {
			isa = XCBuildConfiguration;
			buildSettings = {
				ASSETCATALOG_COMPILER_ACCENT_COLOR_NAME = AccentColor;
				ASSETCATALOG_COMPILER_APPICON_NAME = AppIcon;
				CODE_SIGN_STYLE = Automatic;
				CURRENT_PROJECT_VERSION = 1;
				DEVELOPMENT_ASSET_PATHS = "";
				DEVELOPMENT_TEAM = "";
				ENABLE_PREVIEWS = YES;
				GENERATE_INFOPLIST_FILE = NO;
				INFOPLIST_FILE = VoltRushAI/Info.plist;
				IPHONEOS_DEPLOYMENT_TARGET = 17.0;
				LD_RUNPATH_SEARCH_PATHS = (
					"$(inherited)",
					"@executable_path/Frameworks",
				);
				MARKETING_VERSION = 1.0;
				PRODUCT_BUNDLE_IDENTIFIER = com.voltrushai.app;
				PRODUCT_NAME = "$(TARGET_NAME)";
				SUPPORTED_PLATFORMS = "iphoneos iphonesimulator";
				SUPPORTS_MACCATALYST = NO;
				SUPPORTS_MAC_DESIGNED_FOR_IPHONE_IPAD = NO;
				SWIFT_EMIT_LOC_STRINGS = YES;
				SWIFT_VERSION = 5.0;
				TARGETED_DEVICE_FAMILY = "1,2";
			};
			name = Debug;
		};
		E00200000000000000000002 /* Release */ = {
			isa = XCBuildConfiguration;
			buildSettings = {
				ASSETCATALOG_COMPILER_ACCENT_COLOR_NAME = AccentColor;
				ASSETCATALOG_COMPILER_APPICON_NAME = AppIcon;
				CODE_SIGN_STYLE = Automatic;
				CURRENT_PROJECT_VERSION = 1;
				DEVELOPMENT_ASSET_PATHS = "";
				DEVELOPMENT_TEAM = "";
				ENABLE_PREVIEWS = YES;
				GENERATE_INFOPLIST_FILE = NO;
				INFOPLIST_FILE = VoltRushAI/Info.plist;
				IPHONEOS_DEPLOYMENT_TARGET = 17.0;
				LD_RUNPATH_SEARCH_PATHS = (
					"$(inherited)",
					"@executable_path/Frameworks",
				);
				MARKETING_VERSION = 1.0;
				PRODUCT_BUNDLE_IDENTIFIER = com.voltrushai.app;
				PRODUCT_NAME = "$(TARGET_NAME)";
				SUPPORTED_PLATFORMS = "iphoneos iphonesimulator";
				SUPPORTS_MACCATALYST = NO;
				SUPPORTS_MAC_DESIGNED_FOR_IPHONE_IPAD = NO;
				SWIFT_EMIT_LOC_STRINGS = YES;
				SWIFT_VERSION = 5.0;
				TARGETED_DEVICE_FAMILY = "1,2";
			};
			name = Release;
		};
/* End XCBuildConfiguration section */

/* Begin XCConfigurationList section */
		E00100000000000000000000 /* Build configuration list for PBXProject "VoltRushAI" */ = {
			isa = XCConfigurationList;
			buildConfigurations = (
				E00100000000000000000001 /* Debug */,
				E00100000000000000000002 /* Release */,
			);
			defaultConfigurationIsVisible = 0;
			defaultConfigurationName = Release;
		};
		E00200000000000000000000 /* Build configuration list for PBXNativeTarget "VoltRushAI" */ = {
			isa = XCConfigurationList;
			buildConfigurations = (
				E00200000000000000000001 /* Debug */,
				E00200000000000000000002 /* Release */,
			);
			defaultConfigurationIsVisible = 0;
			defaultConfigurationName = Release;
		};
/* End XCConfigurationList section */
	};
	rootObject = E00000000000000000000000 /* Project object */;
}
